github.com/agl/ed25519 v0.0.0-20170116200512-5312a6153412 h1:w1UutsfOrms1J05zt7ISrnJIXKzwaspym5BTKGx93EI=
github.com/agl/ed25519 v0.0.0-20170116200512-5312a6153412/go.mod h1:WPjqKcmVOxf0XSf3YxCJs6N6AOSrOx3obionmG7T0y0=
github.com/davecgh/go-spew v1.1.0 h1:ZDRjVQ15GmhC3fiQ8ni8+OwkZQO4DARzQgrnXU1Liz8=
github.com/davecgh/go-spew v1.1.0/go.mod h1:J7Y8YcW2NihsgmVo/mv3lAwl/skON4iLHjSsI+c5H38=
github.com/dchest/blake256 v1.0.0 h1:6gUgI5MHdz9g0TdrgKqXsoDX+Zjxmm1Sc6OsoGru50I=
github.com/dchest/blake256 v1.0.0/go.mod h1:xXNWCE1jsAP8DAjP+rKw2MbeqLczjI3TRx2VK+9OEYY=
github.com/decred/base58 v1.0.0 h1:BVi1FQCThIjZ0ehG+I99NJ51o0xcc9A/fDKhmJxY6+w=
github.com/decred/base58 v1.0.0/go.mod h1:LLY1p5e3g91byL/UO1eiZaYd+uRoVRarybgcoymu9Ks=
golang.org/x/crypto v0.0.0-20180718160520-a2144134853f/go.mod h1:6SG95UA2DQfeDnfUPMdvaQW0Q7yPrPDi9nlGo2tz2b4=
golang.org/x/crypto v0.0.0-20190128193316-c7b33c32a30b h1:Ib/yptP38nXZFMwqWSip+OKuMP9OkyDe3p+DssP8n9w=
golang.org/x/crypto v0.0.0-20190128193316-c7b33c32a30b/go.mod h1:6SG95UA2DQfeDnfUPMdvaQW0Q7yPrPDi9nlGo2tz2b4=
