# This file is autogenerated, do not edit; changes may be undone by the next 'dep ensure'.


[[projects]]
  branch = "master"
  digest = "1:56991d6c6319c0de03d3e2f8cf56cafe81fa9779689ac78dd88d0bab6b145266"
  name = "github.com/agl/ed25519"
  packages = [
    ".",
    "edwards25519",
  ]
  pruneopts = ""
  revision = "5312a61534124124185d41f09206b9fef1d88403"

[[projects]]
  branch = "master"
  digest = "1:4eab03da1b6c2908e1708fe22c9d5060f4f304043008492497b9277ba3eb86af"
  name = "github.com/btcsuite/btcd"
  packages = [
    "btcec",
    "chaincfg",
    "chaincfg/chainhash",
    "wire",
  ]
  pruneopts = ""
  revision = "e50510fd1be2b9f289587203bfb27fedc1815f80"
  source = "https://gitlab.com/Zergity/ndrd.git"

[[projects]]
  branch = "master"
  digest = "1:e250643be8120824556f39df6ef128fc2be490fc96e0cb64b1a8ecf96bbe3ce6"
  name = "github.com/btcsuite/btcutil"
  packages = [
    ".",
    "base58",
    "bech32",
    "hdkeychain",
  ]
  pruneopts = ""
  revision = "ab6388e0c60ae4834a1f57511e20c17b5f78be4b"

[[projects]]
  branch = "master"
  digest = "1:73e8c7e9fcc5e303a712480e453232447ac49bc57d240de5731f789eb309658f"
  name = "github.com/dchest/blake256"
  packages = ["."]
  pruneopts = ""
  revision = "dee3fe6eb0e98dc774a94fc231f85baf7c29d360"

[[projects]]
  branch = "master"
  digest = "1:9949fe0d4cc9ff8b19287545444774420e5f6ba90da135e4eb5fe8e7edc348d4"
  name = "github.com/decred/base58"
  packages = ["."]
  pruneopts = ""
  revision = "56c501706f00d9e1cfacee19a27117e12da24734"

[[projects]]
  digest = "1:db58002090ce04b78b1da2f5efc45775f8fe0088c83491e41fa6a16507ef53d0"
  name = "github.com/decred/dcrd"
  packages = [
    "chaincfg",
    "chaincfg/chainec",
    "chaincfg/chainhash",
    "dcrec/edwards",
    "dcrec/secp256k1",
    "dcrec/secp256k1/schnorr",
    "dcrutil",
    "hdkeychain",
    "wire",
  ]
  pruneopts = ""
  revision = "fd99f572cfd52ca722ad501ccb34acdcb22b4a67"
  version = "v1.2.0"

[[projects]]
  branch = "master"
  digest = "1:8559fa6522c210b5c40ad8001ac529022e720eb8635dcc05fb604d86727e8f59"
  name = "github.com/decred/dcrwallet"
  packages = [
    "errors",
    "pgpwordlist",
    "walletseed",
  ]
  pruneopts = ""
  revision = "566c13d1f06c79239597af8be4517ba6ef88c52b"

[[projects]]
  branch = "master"
  digest = "1:6114feded9bd35a4dc08d3abf700d6c6fa2e05754b45d696a16487186402384a"
  name = "golang.org/x/crypto"
  packages = ["ripemd160"]
  pruneopts = ""
  revision = "7c1a557ab941a71c619514f229f0b27ccb0c27cf"

[solve-meta]
  analyzer-name = "dep"
  analyzer-version = 1
  input-imports = [
    "github.com/btcsuite/btcd/btcec",
    "github.com/btcsuite/btcd/chaincfg",
    "github.com/btcsuite/btcutil",
    "github.com/btcsuite/btcutil/hdkeychain",
    "github.com/decred/dcrwallet/walletseed",
  ]
  solver-name = "gps-cdcl"
  solver-version = 1
